// !$*UTF8*$!
{
	archiveVersion = 1;
	classes = {
	};
	objectVersion = 51;
	objects = {

/* Begin PBXBuildFile section */
		0F109ED57D1F75C50971F3BA /* Pods_Task1_SSD_Task1_SSDUITests.framework in Frameworks */ = {isa = PBXBuildFile; fileRef = 026F96A598AF888E17943AF7 /* Pods_Task1_SSD_Task1_SSDUITests.framework */; };
		423C0AEB666DCBB524DBD3C5 /* Pods_Task1_SSD.framework in Frameworks */ = {isa = PBXBuildFile; fileRef = 6569AE76B8932A9963229466 /* Pods_Task1_SSD.framework */; };
		A268955C25A96E1B0086FCC8 /* InsertUserVC.swift in Sources */ = {isa = PBXBuildFile; fileRef = A268955B25A96E1B0086FCC8 /* InsertUserVC.swift */; };
		A268957125A97C840086FCC8 /* ItemVC.swift in Sources */ = {isa = PBXBuildFile; fileRef = A268957025A97C840086FCC8 /* ItemVC.swift */; };
		A268957625A97C9E0086FCC8 /* InsertItemVC.swift in Sources */ = {isa = PBXBuildFile; fileRef = A268957525A97C9E0086FCC8 /* InsertItemVC.swift */; };
		A268958C25A9AC3C0086FCC8 /* Object.swift in Sources */ = {isa = PBXBuildFile; fileRef = A268958B25A9AC3C0086FCC8 /* Object.swift */; };
		A268959125A9ACAB0086FCC8 /* Errors.swift in Sources */ = {isa = PBXBuildFile; fileRef = A268959025A9ACAB0086FCC8 /* Errors.swift */; };
		A268959625A9B2D60086FCC8 /* ShowObjectsVC.swift in Sources */ = {isa = PBXBuildFile; fileRef = A268959525A9B2D60086FCC8 /* ShowObjectsVC.swift */; };
		A2ABF62825A9592700376346 /* AppDelegate.swift in Sources */ = {isa = PBXBuildFile; fileRef = A2ABF62725A9592700376346 /* AppDelegate.swift */; };
		A2ABF62A25A9592700376346 /* SceneDelegate.swift in Sources */ = {isa = PBXBuildFile; fileRef = A2ABF62925A9592700376346 /* SceneDelegate.swift */; };
		A2ABF62C25A9592700376346 /* UserCV.swift in Sources */ = {isa = PBXBuildFile; fileRef = A2ABF62B25A9592700376346 /* UserCV.swift */; };
		A2ABF62F25A9592700376346 /* Main.storyboard in Resources */ = {isa = PBXBuildFile; fileRef = A2ABF62D25A9592700376346 /* Main.storyboard */; };
		A2ABF63125A9592C00376346 /* Assets.xcassets in Resources */ = {isa = PBXBuildFile; fileRef = A2ABF63025A9592C00376346 /* Assets.xcassets */; };
		A2ABF63425A9592C00376346 /* LaunchScreen.storyboard in Resources */ = {isa = PBXBuildFile; fileRef = A2ABF63225A9592C00376346 /* LaunchScreen.storyboard */; };
		A2ABF63F25A9592D00376346 /* Task1_SSDTests.swift in Sources */ = {isa = PBXBuildFile; fileRef = A2ABF63E25A9592D00376346 /* Task1_SSDTests.swift */; };
		A2ABF64A25A9592D00376346 /* Task1_SSDUITests.swift in Sources */ = {isa = PBXBuildFile; fileRef = A2ABF64925A9592D00376346 /* Task1_SSDUITests.swift */; };
		A2ABF65E25A95A2E00376346 /* DataBaseUtils.swift in Sources */ = {isa = PBXBuildFile; fileRef = A2ABF65D25A95A2E00376346 /* DataBaseUtils.swift */; };
		A2ABF66425A95BFE00376346 /* User.swift in Sources */ = {isa = PBXBuildFile; fileRef = A2ABF66325A95BFE00376346 /* User.swift */; };
		A2ABF66C25A95DCD00376346 /* Items.swift in Sources */ = {isa = PBXBuildFile; fileRef = A2ABF66B25A95DCD00376346 /* Items.swift */; };
		BCDF742F9B97527833E8E157 /* Pods_Task1_SSDTests.framework in Frameworks */ = {isa = PBXBuildFile; fileRef = 7600AB4C04456BDC3F988557 /* Pods_Task1_SSDTests.framework */; };
/* End PBXBuildFile section */

/* Begin PBXContainerItemProxy section */
		A2ABF63B25A9592D00376346 /* PBXContainerItemProxy */ = {
			isa = PBXContainerItemProxy;
			containerPortal = A2ABF61C25A9592700376346 /* Project object */;
			proxyType = 1;
			remoteGlobalIDString = A2ABF62325A9592700376346;
			remoteInfo = Task1_SSD;
		};
		A2ABF64625A9592D00376346 /* PBXContainerItemProxy */ = {
			isa = PBXContainerItemProxy;
			containerPortal = A2ABF61C25A9592700376346 /* Project object */;
			proxyType = 1;
			remoteGlobalIDString = A2ABF62325A9592700376346;
			remoteInfo = Task1_SSD;
		};
/* End PBXContainerItemProxy section */

/* Begin PBXFileReference section */
		026F96A598AF888E17943AF7 /* Pods_Task1_SSD_Task1_SSDUITests.framework */ = {isa = PBXFileReference; explicitFileType = wrapper.framework; includeInIndex = 0; path = Pods_Task1_SSD_Task1_SSDUITests.framework; sourceTree = BUILT_PRODUCTS_DIR; };
		0DE939582175B7F6E8F62CD5 /* Pods-Task1_SSDTests.release.xcconfig */ = {isa = PBXFileReference; includeInIndex = 1; lastKnownFileType = text.xcconfig; name = "Pods-Task1_SSDTests.release.xcconfig"; path = "Target Support Files/Pods-Task1_SSDTests/Pods-Task1_SSDTests.release.xcconfig"; sourceTree = "<group>"; };
		6569AE76B8932A9963229466 /* Pods_Task1_SSD.framework */ = {isa = PBXFileReference; explicitFileType = wrapper.framework; includeInIndex = 0; path = Pods_Task1_SSD.framework; sourceTree = BUILT_PRODUCTS_DIR; };
		7600AB4C04456BDC3F988557 /* Pods_Task1_SSDTests.framework */ = {isa = PBXFileReference; explicitFileType = wrapper.framework; includeInIndex = 0; path = Pods_Task1_SSDTests.framework; sourceTree = BUILT_PRODUCTS_DIR; };
		A1767C1C2F12DF7A51BCBCB3 /* Pods-Task1_SSD.release.xcconfig */ = {isa = PBXFileReference; includeInIndex = 1; lastKnownFileType = text.xcconfig; name = "Pods-Task1_SSD.release.xcconfig"; path = "Target Support Files/Pods-Task1_SSD/Pods-Task1_SSD.release.xcconfig"; sourceTree = "<group>"; };
		A268955B25A96E1B0086FCC8 /* InsertUserVC.swift */ = {isa = PBXFileReference; lastKnownFileType = sourcecode.swift; path = InsertUserVC.swift; sourceTree = "<group>"; };
		A268957025A97C840086FCC8 /* ItemVC.swift */ = {isa = PBXFileReference; lastKnownFileType = sourcecode.swift; path = ItemVC.swift; sourceTree = "<group>"; };
		A268957525A97C9E0086FCC8 /* InsertItemVC.swift */ = {isa = PBXFileReference; lastKnownFileType = sourcecode.swift; path = InsertItemVC.swift; sourceTree = "<group>"; };
		A268958B25A9AC3C0086FCC8 /* Object.swift */ = {isa = PBXFileReference; lastKnownFileType = sourcecode.swift; path = Object.swift; sourceTree = "<group>"; };
		A268959025A9ACAB0086FCC8 /* Errors.swift */ = {isa = PBXFileReference; lastKnownFileType = sourcecode.swift; path = Errors.swift; sourceTree = "<group>"; };
		A268959525A9B2D60086FCC8 /* ShowObjectsVC.swift */ = {isa = PBXFileReference; lastKnownFileType = sourcecode.swift; path = ShowObjectsVC.swift; sourceTree = "<group>"; };
		A2ABF62425A9592700376346 /* Task1_SSD.app */ = {isa = PBXFileReference; explicitFileType = wrapper.application; includeInIndex = 0; path = Task1_SSD.app; sourceTree = BUILT_PRODUCTS_DIR; };
		A2ABF62725A9592700376346 /* AppDelegate.swift */ = {isa = PBXFileReference; lastKnownFileType = sourcecode.swift; path = AppDelegate.swift; sourceTree = "<group>"; };
		A2ABF62925A9592700376346 /* SceneDelegate.swift */ = {isa = PBXFileReference; lastKnownFileType = sourcecode.swift; path = SceneDelegate.swift; sourceTree = "<group>"; };
		A2ABF62B25A9592700376346 /* UserCV.swift */ = {isa = PBXFileReference; lastKnownFileType = sourcecode.swift; path = UserCV.swift; sourceTree = "<group>"; };
		A2ABF62E25A9592700376346 /* Base */ = {isa = PBXFileReference; lastKnownFileType = file.storyboard; name = Base; path = Base.lproj/Main.storyboard; sourceTree = "<group>"; };
		A2ABF63025A9592C00376346 /* Assets.xcassets */ = {isa = PBXFileReference; lastKnownFileType = folder.assetcatalog; path = Assets.xcassets; sourceTree = "<group>"; };
		A2ABF63325A9592C00376346 /* Base */ = {isa = PBXFileReference; lastKnownFileType = file.storyboard; name = Base; path = Base.lproj/LaunchScreen.storyboard; sourceTree = "<group>"; };
		A2ABF63525A9592C00376346 /* Info.plist */ = {isa = PBXFileReference; lastKnownFileType = text.plist.xml; path = Info.plist; sourceTree = "<group>"; };
		A2ABF63A25A9592D00376346 /* Task1_SSDTests.xctest */ = {isa = PBXFileReference; explicitFileType = wrapper.cfbundle; includeInIndex = 0; path = Task1_SSDTests.xctest; sourceTree = BUILT_PRODUCTS_DIR; };
		A2ABF63E25A9592D00376346 /* Task1_SSDTests.swift */ = {isa = PBXFileReference; lastKnownFileType = sourcecode.swift; path = Task1_SSDTests.swift; sourceTree = "<group>"; };
		A2ABF64025A9592D00376346 /* Info.plist */ = {isa = PBXFileReference; lastKnownFileType = text.plist.xml; path = Info.plist; sourceTree = "<group>"; };
		A2ABF64525A9592D00376346 /* Task1_SSDUITests.xctest */ = {isa = PBXFileReference; explicitFileType = wrapper.cfbundle; includeInIndex = 0; path = Task1_SSDUITests.xctest; sourceTree = BUILT_PRODUCTS_DIR; };
		A2ABF64925A9592D00376346 /* Task1_SSDUITests.swift */ = {isa = PBXFileReference; lastKnownFileType = sourcecode.swift; path = Task1_SSDUITests.swift; sourceTree = "<group>"; };
		A2ABF64B25A9592D00376346 /* Info.plist */ = {isa = PBXFileReference; lastKnownFileType = text.plist.xml; path = Info.plist; sourceTree = "<group>"; };
		A2ABF65D25A95A2E00376346 /* DataBaseUtils.swift */ = {isa = PBXFileReference; lastKnownFileType = sourcecode.swift; path = DataBaseUtils.swift; sourceTree = "<group>"; };
		A2ABF66325A95BFE00376346 /* User.swift */ = {isa = PBXFileReference; lastKnownFileType = sourcecode.swift; path = User.swift; sourceTree = "<group>"; };
		A2ABF66B25A95DCD00376346 /* Items.swift */ = {isa = PBXFileReference; lastKnownFileType = sourcecode.swift; path = Items.swift; sourceTree = "<group>"; };
		A7C400B42E66D056D01A7915 /* Pods-Task1_SSD-Task1_SSDUITests.debug.xcconfig */ = {isa = PBXFileReference; includeInIndex = 1; lastKnownFileType = text.xcconfig; name = "Pods-Task1_SSD-Task1_SSDUITests.debug.xcconfig"; path = "Target Support Files/Pods-Task1_SSD-Task1_SSDUITests/Pods-Task1_SSD-Task1_SSDUITests.debug.xcconfig"; sourceTree = "<group>"; };
		BCDF3912F56FA1724ED92E96 /* Pods-Task1_SSDTests.debug.xcconfig */ = {isa = PBXFileReference; includeInIndex = 1; lastKnownFileType = text.xcconfig; name = "Pods-Task1_SSDTests.debug.xcconfig"; path = "Target Support Files/Pods-Task1_SSDTests/Pods-Task1_SSDTests.debug.xcconfig"; sourceTree = "<group>"; };
		C871BF01F40FB9098BC69D86 /* Pods-Task1_SSD.debug.xcconfig */ = {isa = PBXFileReference; includeInIndex = 1; lastKnownFileType = text.xcconfig; name = "Pods-Task1_SSD.debug.xcconfig"; path = "Target Support Files/Pods-Task1_SSD/Pods-Task1_SSD.debug.xcconfig"; sourceTree = "<group>"; };
		F15DC0C22307DB7BAE5CC00D /* Pods-Task1_SSD-Task1_SSDUITests.release.xcconfig */ = {isa = PBXFileReference; includeInIndex = 1; lastKnownFileType = text.xcconfig; name = "Pods-Task1_SSD-Task1_SSDUITests.release.xcconfig"; path = "Target Support Files/Pods-Task1_SSD-Task1_SSDUITests/Pods-Task1_SSD-Task1_SSDUITests.release.xcconfig"; sourceTree = "<group>"; };
/* End PBXFileReference section */

/* Begin PBXFrameworksBuildPhase section */
		A2ABF62125A9592700376346 /* Frameworks */ = {
			isa = PBXFrameworksBuildPhase;
			buildActionMask = 2147483647;
			files = (
				423C0AEB666DCBB524DBD3C5 /* Pods_Task1_SSD.framework in Frameworks */,
			);
			runOnlyForDeploymentPostprocessing = 0;
		};
		A2ABF63725A9592D00376346 /* Frameworks */ = {
			isa = PBXFrameworksBuildPhase;
			buildActionMask = 2147483647;
			files = (
				BCDF742F9B97527833E8E157 /* Pods_Task1_SSDTests.framework in Frameworks */,
			);
			runOnlyForDeploymentPostprocessing = 0;
		};
		A2ABF64225A9592D00376346 /* Frameworks */ = {
			isa = PBXFrameworksBuildPhase;
			buildActionMask = 2147483647;
			files = (
				0F109ED57D1F75C50971F3BA /* Pods_Task1_SSD_Task1_SSDUITests.framework in Frameworks */,
			);
			runOnlyForDeploymentPostprocessing = 0;
		};
/* End PBXFrameworksBuildPhase section */

/* Begin PBXGroup section */
		717ACBD45840E7A7EFFCA9AB /* Pods */ = {
			isa = PBXGroup;
			children = (
				C871BF01F40FB9098BC69D86 /* Pods-Task1_SSD.debug.xcconfig */,
				A1767C1C2F12DF7A51BCBCB3 /* Pods-Task1_SSD.release.xcconfig */,
				A7C400B42E66D056D01A7915 /* Pods-Task1_SSD-Task1_SSDUITests.debug.xcconfig */,
				F15DC0C22307DB7BAE5CC00D /* Pods-Task1_SSD-Task1_SSDUITests.release.xcconfig */,
				BCDF3912F56FA1724ED92E96 /* Pods-Task1_SSDTests.debug.xcconfig */,
				0DE939582175B7F6E8F62CD5 /* Pods-Task1_SSDTests.release.xcconfig */,
			);
			path = Pods;
			sourceTree = "<group>";
		};
		A201022225A9F7EF0050E8E5 /* Frameworks */ = {
			isa = PBXGroup;
			children = (
				6569AE76B8932A9963229466 /* Pods_Task1_SSD.framework */,
				026F96A598AF888E17943AF7 /* Pods_Task1_SSD_Task1_SSDUITests.framework */,
				7600AB4C04456BDC3F988557 /* Pods_Task1_SSDTests.framework */,
			);
			name = Frameworks;
			sourceTree = "<group>";
		};
		A268957F25A9AACA0086FCC8 /* View */ = {
			isa = PBXGroup;
			children = (
				A2ABF62D25A9592700376346 /* Main.storyboard */,
			);
			path = View;
			sourceTree = "<group>";
		};
		A2ABF61B25A9592700376346 = {
			isa = PBXGroup;
			children = (
				A2ABF62625A9592700376346 /* Task1_SSD */,
				A2ABF63D25A9592D00376346 /* Task1_SSDTests */,
				A2ABF64825A9592D00376346 /* Task1_SSDUITests */,
				A2ABF62525A9592700376346 /* Products */,
				A201022225A9F7EF0050E8E5 /* Frameworks */,
				717ACBD45840E7A7EFFCA9AB /* Pods */,
			);
			sourceTree = "<group>";
		};
		A2ABF62525A9592700376346 /* Products */ = {
			isa = PBXGroup;
			children = (
				A2ABF62425A9592700376346 /* Task1_SSD.app */,
				A2ABF63A25A9592D00376346 /* Task1_SSDTests.xctest */,
				A2ABF64525A9592D00376346 /* Task1_SSDUITests.xctest */,
			);
			name = Products;
			sourceTree = "<group>";
		};
		A2ABF62625A9592700376346 /* Task1_SSD */ = {
			isa = PBXGroup;
			children = (
				A268957F25A9AACA0086FCC8 /* View */,
				A2ABF65C25A959DA00376346 /* Supportfiles */,
				A2ABF65B25A959CB00376346 /* ViewControllers */,
				A2ABF65A25A959C000376346 /* Model */,
				A2ABF63525A9592C00376346 /* Info.plist */,
			);
			path = Task1_SSD;
			sourceTree = "<group>";
		};
		A2ABF63D25A9592D00376346 /* Task1_SSDTests */ = {
			isa = PBXGroup;
			children = (
				A2ABF63E25A9592D00376346 /* Task1_SSDTests.swift */,
				A2ABF64025A9592D00376346 /* Info.plist */,
			);
			path = Task1_SSDTests;
			sourceTree = "<group>";
		};
		A2ABF64825A9592D00376346 /* Task1_SSDUITests */ = {
			isa = PBXGroup;
			children = (
				A2ABF64925A9592D00376346 /* Task1_SSDUITests.swift */,
				A2ABF64B25A9592D00376346 /* Info.plist */,
			);
			path = Task1_SSDUITests;
			sourceTree = "<group>";
		};
		A2ABF65A25A959C000376346 /* Model */ = {
			isa = PBXGroup;
			children = (
				A2ABF65D25A95A2E00376346 /* DataBaseUtils.swift */,
				A2ABF66325A95BFE00376346 /* User.swift */,
				A2ABF66B25A95DCD00376346 /* Items.swift */,
				A268958B25A9AC3C0086FCC8 /* Object.swift */,
			);
			path = Model;
			sourceTree = "<group>";
		};
		A2ABF65B25A959CB00376346 /* ViewControllers */ = {
			isa = PBXGroup;
			children = (
				A2ABF62B25A9592700376346 /* UserCV.swift */,
				A268955B25A96E1B0086FCC8 /* InsertUserVC.swift */,
				A268957025A97C840086FCC8 /* ItemVC.swift */,
				A268957525A97C9E0086FCC8 /* InsertItemVC.swift */,
				A268959525A9B2D60086FCC8 /* ShowObjectsVC.swift */,
			);
			path = ViewControllers;
			sourceTree = "<group>";
		};
		A2ABF65C25A959DA00376346 /* Supportfiles */ = {
			isa = PBXGroup;
			children = (
				A2ABF63025A9592C00376346 /* Assets.xcassets */,
				A2ABF62725A9592700376346 /* AppDelegate.swift */,
				A2ABF62925A9592700376346 /* SceneDelegate.swift */,
				A2ABF63225A9592C00376346 /* LaunchScreen.storyboard */,
				A268959025A9ACAB0086FCC8 /* Errors.swift */,
			);
			path = Supportfiles;
			sourceTree = "<group>";
		};
/* End PBXGroup section */

/* Begin PBXNativeTarget section */
		A2ABF62325A9592700376346 /* Task1_SSD */ = {
			isa = PBXNativeTarget;
			buildConfigurationList = A2ABF64E25A9592D00376346 /* Build configuration list for PBXNativeTarget "Task1_SSD" */;
			buildPhases = (
				F36AD1194D4038EE3977FE0F /* [CP] Check Pods Manifest.lock */,
				A2ABF62025A9592700376346 /* Sources */,
				A2ABF62125A9592700376346 /* Frameworks */,
				A2ABF62225A9592700376346 /* Resources */,
				A6BC3634B5FFD0833A954D54 /* [CP] Embed Pods Frameworks */,
			);
			buildRules = (
			);
			dependencies = (
			);
			name = Task1_SSD;
			productName = Task1_SSD;
			productReference = A2ABF62425A9592700376346 /* Task1_SSD.app */;
			productType = "com.apple.product-type.application";
		};
		A2ABF63925A9592D00376346 /* Task1_SSDTests */ = {
			isa = PBXNativeTarget;
			buildConfigurationList = A2ABF65125A9592D00376346 /* Build configuration list for PBXNativeTarget "Task1_SSDTests" */;
			buildPhases = (
				8BA82DEC3F99452E16FFB89B /* [CP] Check Pods Manifest.lock */,
				A2ABF63625A9592D00376346 /* Sources */,
				A2ABF63725A9592D00376346 /* Frameworks */,
				A2ABF63825A9592D00376346 /* Resources */,
			);
			buildRules = (
			);
			dependencies = (
				A2ABF63C25A9592D00376346 /* PBXTargetDependency */,
			);
			name = Task1_SSDTests;
			productName = Task1_SSDTests;
			productReference = A2ABF63A25A9592D00376346 /* Task1_SSDTests.xctest */;
			productType = "com.apple.product-type.bundle.unit-test";
		};
		A2ABF64425A9592D00376346 /* Task1_SSDUITests */ = {
			isa = PBXNativeTarget;
			buildConfigurationList = A2ABF65425A9592D00376346 /* Build configuration list for PBXNativeTarget "Task1_SSDUITests" */;
			buildPhases = (
				4CF7474234118BE803D6AA32 /* [CP] Check Pods Manifest.lock */,
				A2ABF64125A9592D00376346 /* Sources */,
				A2ABF64225A9592D00376346 /* Frameworks */,
				A2ABF64325A9592D00376346 /* Resources */,
				463190886A0F276D66BC2DA4 /* [CP] Embed Pods Frameworks */,
			);
			buildRules = (
			);
			dependencies = (
				A2ABF64725A9592D00376346 /* PBXTargetDependency */,
			);
			name = Task1_SSDUITests;
			productName = Task1_SSDUITests;
			productReference = A2ABF64525A9592D00376346 /* Task1_SSDUITests.xctest */;
			productType = "com.apple.product-type.bundle.ui-testing";
		};
/* End PBXNativeTarget section */

/* Begin PBXProject section */
		A2ABF61C25A9592700376346 /* Project object */ = {
			isa = PBXProject;
			attributes = {
				LastSwiftUpdateCheck = 1230;
				LastUpgradeCheck = 1230;
				TargetAttributes = {
					A2ABF62325A9592700376346 = {
						CreatedOnToolsVersion = 12.3;
					};
					A2ABF63925A9592D00376346 = {
						CreatedOnToolsVersion = 12.3;
						TestTargetID = A2ABF62325A9592700376346;
					};
					A2ABF64425A9592D00376346 = {
						CreatedOnToolsVersion = 12.3;
						TestTargetID = A2ABF62325A9592700376346;
					};
				};
			};
			buildConfigurationList = A2ABF61F25A9592700376346 /* Build configuration list for PBXProject "Task1_SSD" */;
			compatibilityVersion = "Xcode 9.3";
			developmentRegion = en;
			hasScannedForEncodings = 0;
			knownRegions = (
				en,
				Base,
			);
			mainGroup = A2ABF61B25A9592700376346;
			productRefGroup = A2ABF62525A9592700376346 /* Products */;
			projectDirPath = "";
			projectRoot = "";
			targets = (
				A2ABF62325A9592700376346 /* Task1_SSD */,
				A2ABF63925A9592D00376346 /* Task1_SSDTests */,
				A2ABF64425A9592D00376346 /* Task1_SSDUITests */,
			);
		};
/* End PBXProject section */

/* Begin PBXResourcesBuildPhase section */
		A2ABF62225A9592700376346 /* Resources */ = {
			isa = PBXResourcesBuildPhase;
			buildActionMask = 2147483647;
			files = (
				A2ABF63425A9592C00376346 /* LaunchScreen.storyboard in Resources */,
				A2ABF63125A9592C00376346 /* Assets.xcassets in Resources */,
				A2ABF62F25A9592700376346 /* Main.storyboard in Resources */,
			);
			runOnlyForDeploymentPostprocessing = 0;
		};
		A2ABF63825A9592D00376346 /* Resources */ = {
			isa = PBXResourcesBuildPhase;
			buildActionMask = 2147483647;
			files = (
			);
			runOnlyForDeploymentPostprocessing = 0;
		};
		A2ABF64325A9592D00376346 /* Resources */ = {
			isa = PBXResourcesBuildPhase;
			buildActionMask = 2147483647;
			files = (
			);
			runOnlyForDeploymentPostprocessing = 0;
		};
/* End PBXResourcesBuildPhase section */

/* Begin PBXShellScriptBuildPhase section */
		463190886A0F276D66BC2DA4 /* [CP] Embed Pods Frameworks */ = {
			isa = PBXShellScriptBuildPhase;
			buildActionMask = 2147483647;
			files = (
			);
			inputFileListPaths = (
				"${PODS_ROOT}/Target Support Files/Pods-Task1_SSD-Task1_SSDUITests/Pods-Task1_SSD-Task1_SSDUITests-frameworks-${CONFIGURATION}-input-files.xcfilelist",
			);
			name = "[CP] Embed Pods Frameworks";
			outputFileListPaths = (
				"${PODS_ROOT}/Target Support Files/Pods-Task1_SSD-Task1_SSDUITests/Pods-Task1_SSD-Task1_SSDUITests-frameworks-${CONFIGURATION}-output-files.xcfilelist",
			);
			runOnlyForDeploymentPostprocessing = 0;
			shellPath = /bin/sh;
			shellScript = "\"${PODS_ROOT}/Target Support Files/Pods-Task1_SSD-Task1_SSDUITests/Pods-Task1_SSD-Task1_SSDUITests-frameworks.sh\"\n";
			showEnvVarsInLog = 0;
		};
		4CF7474234118BE803D6AA32 /* [CP] Check Pods Manifest.lock */ = {
			isa = PBXShellScriptBuildPhase;
			buildActionMask = 2147483647;
			files = (
			);
			inputFileListPaths = (
			);
			inputPaths = (
				"${PODS_PODFILE_DIR_PATH}/Podfile.lock",
				"${PODS_ROOT}/Manifest.lock",
			);
			name = "[CP] Check Pods Manifest.lock";
			outputFileListPaths = (
			);
			outputPaths = (
				"$(DERIVED_FILE_DIR)/Pods-Task1_SSD-Task1_SSDUITests-checkManifestLockResult.txt",
			);
			runOnlyForDeploymentPostprocessing = 0;
			shellPath = /bin/sh;
			shellScript = "diff \"${PODS_PODFILE_DIR_PATH}/Podfile.lock\" \"${PODS_ROOT}/Manifest.lock\" > /dev/null\nif [ $? != 0 ] ; then\n    # print error to STDERR\n    echo \"error: The sandbox is not in sync with the Podfile.lock. Run 'pod install' or update your CocoaPods installation.\" >&2\n    exit 1\nfi\n# This output is used by Xcode 'outputs' to avoid re-running this script phase.\necho \"SUCCESS\" > \"${SCRIPT_OUTPUT_FILE_0}\"\n";
			showEnvVarsInLog = 0;
		};
		8BA82DEC3F99452E16FFB89B /* [CP] Check Pods Manifest.lock */ = {
			isa = PBXShellScriptBuildPhase;
			buildActionMask = 2147483647;
			files = (
			);
			inputFileListPaths = (
			);
			inputPaths = (
				"${PODS_PODFILE_DIR_PATH}/Podfile.lock",
				"${PODS_ROOT}/Manifest.lock",
			);
			name = "[CP] Check Pods Manifest.lock";
			outputFileListPaths = (
			);
			outputPaths = (
				"$(DERIVED_FILE_DIR)/Pods-Task1_SSDTests-checkManifestLockResult.txt",
			);
			runOnlyForDeploymentPostprocessing = 0;
			shellPath = /bin/sh;
			shellScript = "diff \"${PODS_PODFILE_DIR_PATH}/Podfile.lock\" \"${PODS_ROOT}/Manifest.lock\" > /dev/null\nif [ $? != 0 ] ; then\n    # print error to STDERR\n    echo \"error: The sandbox is not in sync with the Podfile.lock. Run 'pod install' or update your CocoaPods installation.\" >&2\n    exit 1\nfi\n# This output is used by Xcode 'outputs' to avoid re-running this script phase.\necho \"SUCCESS\" > \"${SCRIPT_OUTPUT_FILE_0}\"\n";
			showEnvVarsInLog = 0;
		};
		A6BC3634B5FFD0833A954D54 /* [CP] Embed Pods Frameworks */ = {
			isa = PBXShellScriptBuildPhase;
			buildActionMask = 2147483647;
			files = (
			);
			inputFileListPaths = (
				"${PODS_ROOT}/Target Support Files/Pods-Task1_SSD/Pods-Task1_SSD-frameworks-${CONFIGURATION}-input-files.xcfilelist",
			);
			name = "[CP] Embed Pods Frameworks";
			outputFileListPaths = (
				"${PODS_ROOT}/Target Support Files/Pods-Task1_SSD/Pods-Task1_SSD-frameworks-${CONFIGURATION}-output-files.xcfilelist",
			);
			runOnlyForDeploymentPostprocessing = 0;
			shellPath = /bin/sh;
			shellScript = "\"${PODS_ROOT}/Target Support Files/Pods-Task1_SSD/Pods-Task1_SSD-frameworks.sh\"\n";
			showEnvVarsInLog = 0;
		};
		F36AD1194D4038EE3977FE0F /* [CP] Check Pods Manifest.lock */ = {
			isa = PBXShellScriptBuildPhase;
			buildActionMask = 2147483647;
			files = (
			);
			inputFileListPaths = (
			);
			inputPaths = (
				"${PODS_PODFILE_DIR_PATH}/Podfile.lock",
				"${PODS_ROOT}/Manifest.lock",
			);
			name = "[CP] Check Pods Manifest.lock";
			outputFileListPaths = (
			);
			outputPaths = (
				"$(DERIVED_FILE_DIR)/Pods-Task1_SSD-checkManifestLockResult.txt",
			);
			runOnlyForDeploymentPostprocessing = 0;
			shellPath = /bin/sh;
			shellScript = "diff \"${PODS_PODFILE_DIR_PATH}/Podfile.lock\" \"${PODS_ROOT}/Manifest.lock\" > /dev/null\nif [ $? != 0 ] ; then\n    # print error to STDERR\n    echo \"error: The sandbox is not in sync with the Podfile.lock. Run 'pod install' or update your CocoaPods installation.\" >&2\n    exit 1\nfi\n# This output is used by Xcode 'outputs' to avoid re-running this script phase.\necho \"SUCCESS\" > \"${SCRIPT_OUTPUT_FILE_0}\"\n";
			showEnvVarsInLog = 0;
		};
/* End PBXShellScriptBuildPhase section */

/* Begin PBXSourcesBuildPhase section */
		A2ABF62025A9592700376346 /* Sources */ = {
			isa = PBXSourcesBuildPhase;
			buildActionMask = 2147483647;
			files = (
				A2ABF65E25A95A2E00376346 /* DataBaseUtils.swift in Sources */,
				A2ABF62C25A9592700376346 /* UserCV.swift in Sources */,
				A268958C25A9AC3C0086FCC8 /* Object.swift in Sources */,
				A268959125A9ACAB0086FCC8 /* Errors.swift in Sources */,
				A2ABF62825A9592700376346 /* AppDelegate.swift in Sources */,
				A268957625A97C9E0086FCC8 /* InsertItemVC.swift in Sources */,
				A268959625A9B2D60086FCC8 /* ShowObjectsVC.swift in Sources */,
				A2ABF66425A95BFE00376346 /* User.swift in Sources */,
				A2ABF66C25A95DCD00376346 /* Items.swift in Sources */,
				A2ABF62A25A9592700376346 /* SceneDelegate.swift in Sources */,
				A268955C25A96E1B0086FCC8 /* InsertUserVC.swift in Sources */,
				A268957125A97C840086FCC8 /* ItemVC.swift in Sources */,
			);
			runOnlyForDeploymentPostprocessing = 0;
		};
		A2ABF63625A9592D00376346 /* Sources */ = {
			isa = PBXSourcesBuildPhase;
			buildActionMask = 2147483647;
			files = (
				A2ABF63F25A9592D00376346 /* Task1_SSDTests.swift in Sources */,
			);
			runOnlyForDeploymentPostprocessing = 0;
		};
		A2ABF64125A9592D00376346 /* Sources */ = {
			isa = PBXSourcesBuildPhase;
			buildActionMask = 2147483647;
			files = (
				A2ABF64A25A9592D00376346 /* Task1_SSDUITests.swift in Sources */,
			);
			runOnlyForDeploymentPostprocessing = 0;
		};
/* End PBXSourcesBuildPhase section */

/* Begin PBXTargetDependency section */
		A2ABF63C25A9592D00376346 /* PBXTargetDependency */ = {
			isa = PBXTargetDependency;
			target = A2ABF62325A9592700376346 /* Task1_SSD */;
			targetProxy = A2ABF63B25A9592D00376346 /* PBXContainerItemProxy */;
		};
		A2ABF64725A9592D00376346 /* PBXTargetDependency */ = {
			isa = PBXTargetDependency;
			target = A2ABF62325A9592700376346 /* Task1_SSD */;
			targetProxy = A2ABF64625A9592D00376346 /* PBXContainerItemProxy */;
		};
/* End PBXTargetDependency section */

/* Begin PBXVariantGroup section */
		A2ABF62D25A9592700376346 /* Main.storyboard */ = {
			isa = PBXVariantGroup;
			children = (
				A2ABF62E25A9592700376346 /* Base */,
			);
			name = Main.storyboard;
			sourceTree = "<group>";
		};
		A2ABF63225A9592C00376346 /* LaunchScreen.storyboard */ = {
			isa = PBXVariantGroup;
			children = (
				A2ABF63325A9592C00376346 /* Base */,
			);
			name = LaunchScreen.storyboard;
			sourceTree = "<group>";
		};
/* End PBXVariantGroup section */

/* Begin XCBuildConfiguration section */
		A2ABF64C25A9592D00376346 /* Debug */ = {
			isa = XCBuildConfiguration;
			buildSettings = {
				ALWAYS_SEARCH_USER_PATHS = NO;
				CLANG_ANALYZER_NONNULL = YES;
				CLANG_ANALYZER_NUMBER_OBJECT_CONVERSION = YES_AGGRESSIVE;
				CLANG_CXX_LANGUAGE_STANDARD = "gnu++14";
				CLANG_CXX_LIBRARY = "libc++";
				CLANG_ENABLE_MODULES = YES;
				CLANG_ENABLE_OBJC_ARC = YES;
				CLANG_ENABLE_OBJC_WEAK = YES;
				CLANG_WARN_BLOCK_CAPTURE_AUTORELEASING = YES;
				CLANG_WARN_BOOL_CONVERSION = YES;
				CLANG_WARN_COMMA = YES;
				CLANG_WARN_CONSTANT_CONVERSION = YES;
				CLANG_WARN_DEPRECATED_OBJC_IMPLEMENTATIONS = YES;
				CLANG_WARN_DIRECT_OBJC_ISA_USAGE = YES_ERROR;
				CLANG_WARN_DOCUMENTATION_COMMENTS = YES;
				CLANG_WARN_EMPTY_BODY = YES;
				CLANG_WARN_ENUM_CONVERSION = YES;
				CLANG_WARN_INFINITE_RECURSION = YES;
				CLANG_WARN_INT_CONVERSION = YES;
				CLANG_WARN_NON_LITERAL_NULL_CONVERSION = YES;
				CLANG_WARN_OBJC_IMPLICIT_RETAIN_SELF = YES;
				CLANG_WARN_OBJC_LITERAL_CONVERSION = YES;
				CLANG_WARN_OBJC_ROOT_CLASS = YES_ERROR;
				CLANG_WARN_QUOTED_INCLUDE_IN_FRAMEWORK_HEADER = YES;
				CLANG_WARN_RANGE_LOOP_ANALYSIS = YES;
				CLANG_WARN_STRICT_PROTOTYPES = YES;
				CLANG_WARN_SUSPICIOUS_MOVE = YES;
				CLANG_WARN_UNGUARDED_AVAILABILITY = YES_AGGRESSIVE;
				CLANG_WARN_UNREACHABLE_CODE = YES;
				CLANG_WARN__DUPLICATE_METHOD_MATCH = YES;
				COPY_PHASE_STRIP = NO;
				DEBUG_INFORMATION_FORMAT = dwarf;
				ENABLE_STRICT_OBJC_MSGSEND = YES;
				ENABLE_TESTABILITY = YES;
				GCC_C_LANGUAGE_STANDARD = gnu11;
				GCC_DYNAMIC_NO_PIC = NO;
				GCC_NO_COMMON_BLOCKS = YES;
				GCC_OPTIMIZATION_LEVEL = 0;
				GCC_PREPROCESSOR_DEFINITIONS = (
					"DEBUG=1",
					"$(inherited)",
				);
				GCC_WARN_64_TO_32_BIT_CONVERSION = YES;
				GCC_WARN_ABOUT_RETURN_TYPE = YES_ERROR;
				GCC_WARN_UNDECLARED_SELECTOR = YES;
				GCC_WARN_UNINITIALIZED_AUTOS = YES_AGGRESSIVE;
				GCC_WARN_UNUSED_FUNCTION = YES;
				GCC_WARN_UNUSED_VARIABLE = YES;
				IPHONEOS_DEPLOYMENT_TARGET = 14.3;
				MTL_ENABLE_DEBUG_INFO = INCLUDE_SOURCE;
				MTL_FAST_MATH = YES;
				ONLY_ACTIVE_ARCH = YES;
				SDKROOT = iphoneos;
				SWIFT_ACTIVE_COMPILATION_CONDITIONS = DEBUG;
				SWIFT_OPTIMIZATION_LEVEL = "-Onone";
			};
			name = Debug;
		};
		A2ABF64D25A9592D00376346 /* Release */ = {
			isa = XCBuildConfiguration;
			buildSettings = {
				ALWAYS_SEARCH_USER_PATHS = NO;
				CLANG_ANALYZER_NONNULL = YES;
				CLANG_ANALYZER_NUMBER_OBJECT_CONVERSION = YES_AGGRESSIVE;
				CLANG_CXX_LANGUAGE_STANDARD = "gnu++14";
				CLANG_CXX_LIBRARY = "libc++";
				CLANG_ENABLE_MODULES = YES;
				CLANG_ENABLE_OBJC_ARC = YES;
				CLANG_ENABLE_OBJC_WEAK = YES;
				CLANG_WARN_BLOCK_CAPTURE_AUTORELEASING = YES;
				CLANG_WARN_BOOL_CONVERSION = YES;
				CLANG_WARN_COMMA = YES;
				CLANG_WARN_CONSTANT_CONVERSION = YES;
				CLANG_WARN_DEPRECATED_OBJC_IMPLEMENTATIONS = YES;
				CLANG_WARN_DIRECT_OBJC_ISA_USAGE = YES_ERROR;
				CLANG_WARN_DOCUMENTATION_COMMENTS = YES;
				CLANG_WARN_EMPTY_BODY = YES;
				CLANG_WARN_ENUM_CONVERSION = YES;
				CLANG_WARN_INFINITE_RECURSION = YES;
				CLANG_WARN_INT_CONVERSION = YES;
				CLANG_WARN_NON_LITERAL_NULL_CONVERSION = YES;
				CLANG_WARN_OBJC_IMPLICIT_RETAIN_SELF = YES;
				CLANG_WARN_OBJC_LITERAL_CONVERSION = YES;
				CLANG_WARN_OBJC_ROOT_CLASS = YES_ERROR;
				CLANG_WARN_QUOTED_INCLUDE_IN_FRAMEWORK_HEADER = YES;
				CLANG_WARN_RANGE_LOOP_ANALYSIS = YES;
				CLANG_WARN_STRICT_PROTOTYPES = YES;
				CLANG_WARN_SUSPICIOUS_MOVE = YES;
				CLANG_WARN_UNGUARDED_AVAILABILITY = YES_AGGRESSIVE;
				CLANG_WARN_UNREACHABLE_CODE = YES;
				CLANG_WARN__DUPLICATE_METHOD_MATCH = YES;
				COPY_PHASE_STRIP = NO;
				DEBUG_INFORMATION_FORMAT = "dwarf-with-dsym";
				ENABLE_NS_ASSERTIONS = NO;
				ENABLE_STRICT_OBJC_MSGSEND = YES;
				GCC_C_LANGUAGE_STANDARD = gnu11;
				GCC_NO_COMMON_BLOCKS = YES;
				GCC_WARN_64_TO_32_BIT_CONVERSION = YES;
				GCC_WARN_ABOUT_RETURN_TYPE = YES_ERROR;
				GCC_WARN_UNDECLARED_SELECTOR = YES;
				GCC_WARN_UNINITIALIZED_AUTOS = YES_AGGRESSIVE;
				GCC_WARN_UNUSED_FUNCTION = YES;
				GCC_WARN_UNUSED_VARIABLE = YES;
				IPHONEOS_DEPLOYMENT_TARGET = 14.3;
				MTL_ENABLE_DEBUG_INFO = NO;
				MTL_FAST_MATH = YES;
				SDKROOT = iphoneos;
				SWIFT_COMPILATION_MODE = wholemodule;
				SWIFT_OPTIMIZATION_LEVEL = "-O";
				VALIDATE_PRODUCT = YES;
			};
			name = Release;
		};
		A2ABF64F25A9592D00376346 /* Debug */ = {
			isa = XCBuildConfiguration;
			baseConfigurationReference = C871BF01F40FB9098BC69D86 /* Pods-Task1_SSD.debug.xcconfig */;
			buildSettings = {
				ASSETCATALOG_COMPILER_APPICON_NAME = AppIcon;
				ASSETCATALOG_COMPILER_GLOBAL_ACCENT_COLOR_NAME = AccentColor;
				CODE_SIGN_STYLE = Automatic;
				DEVELOPMENT_TEAM = 42U8HC3WSH;
				INFOPLIST_FILE = Task1_SSD/Info.plist;
				LD_RUNPATH_SEARCH_PATHS = (
					"$(inherited)",
					"@executable_path/Frameworks",
				);
				PRODUCT_BUNDLE_IDENTIFIER = "GPProjects.Task1-SSD";
				PRODUCT_NAME = "$(TARGET_NAME)";
				SWIFT_VERSION = 5.0;
				TARGETED_DEVICE_FAMILY = "1,2";
			};
			name = Debug;
		};
		A2ABF65025A9592D00376346 /* Release */ = {
			isa = XCBuildConfiguration;
			baseConfigurationReference = A1767C1C2F12DF7A51BCBCB3 /* Pods-Task1_SSD.release.xcconfig */;
			buildSettings = {
				ASSETCATALOG_COMPILER_APPICON_NAME = AppIcon;
				ASSETCATALOG_COMPILER_GLOBAL_ACCENT_COLOR_NAME = AccentColor;
				CODE_SIGN_STYLE = Automatic;
				DEVELOPMENT_TEAM = 42U8HC3WSH;
				INFOPLIST_FILE = Task1_SSD/Info.plist;
				LD_RUNPATH_SEARCH_PATHS = (
					"$(inherited)",
					"@executable_path/Frameworks",
				);
				PRODUCT_BUNDLE_IDENTIFIER = "GPProjects.Task1-SSD";
				PRODUCT_NAME = "$(TARGET_NAME)";
				SWIFT_VERSION = 5.0;
				TARGETED_DEVICE_FAMILY = "1,2";
			};
			name = Release;
		};
		A2ABF65225A9592D00376346 /* Debug */ = {
			isa = XCBuildConfiguration;
			baseConfigurationReference = BCDF3912F56FA1724ED92E96 /* Pods-Task1_SSDTests.debug.xcconfig */;
			buildSettings = {
				ALWAYS_EMBED_SWIFT_STANDARD_LIBRARIES = YES;
				BUNDLE_LOADER = "$(TEST_HOST)";
				CODE_SIGN_STYLE = Automatic;
				DEVELOPMENT_TEAM = 42U8HC3WSH;
				INFOPLIST_FILE = Task1_SSDTests/Info.plist;
				IPHONEOS_DEPLOYMENT_TARGET = 14.3;
				LD_RUNPATH_SEARCH_PATHS = (
					"$(inherited)",
					"@executable_path/Frameworks",
					"@loader_path/Frameworks",
				);
				PRODUCT_BUNDLE_IDENTIFIER = "GPProjects.Task1-SSDTests";
				PRODUCT_NAME = "$(TARGET_NAME)";
				SWIFT_VERSION = 5.0;
				TARGETED_DEVICE_FAMILY = "1,2";
				TEST_HOST = "$(BUILT_PRODUCTS_DIR)/Task1_SSD.app/Task1_SSD";
			};
			name = Debug;
		};
		A2ABF65325A9592D00376346 /* Release */ = {
			isa = XCBuildConfiguration;
			baseConfigurationReference = 0DE939582175B7F6E8F62CD5 /* Pods-Task1_SSDTests.release.xcconfig */;
			buildSettings = {
				ALWAYS_EMBED_SWIFT_STANDARD_LIBRARIES = YES;
				BUNDLE_LOADER = "$(TEST_HOST)";
				CODE_SIGN_STYLE = Automatic;
				DEVELOPMENT_TEAM = 42U8HC3WSH;
				INFOPLIST_FILE = Task1_SSDTests/Info.plist;
				IPHONEOS_DEPLOYMENT_TARGET = 14.3;
				LD_RUNPATH_SEARCH_PATHS = (
					"$(inherited)",
					"@executable_path/Frameworks",
					"@loader_path/Frameworks",
				);
				PRODUCT_BUNDLE_IDENTIFIER = "GPProjects.Task1-SSDTests";
				PRODUCT_NAME = "$(TARGET_NAME)";
				SWIFT_VERSION = 5.0;
				TARGETED_DEVICE_FAMILY = "1,2";
				TEST_HOST = "$(BUILT_PRODUCTS_DIR)/Task1_SSD.app/Task1_SSD";
			};
			name = Release;
		};
		A2ABF65525A9592D00376346 /* Debug */ = {
			isa = XCBuildConfiguration;
			baseConfigurationReference = A7C400B42E66D056D01A7915 /* Pods-Task1_SSD-Task1_SSDUITests.debug.xcconfig */;
			buildSettings = {
				ALWAYS_EMBED_SWIFT_STANDARD_LIBRARIES = YES;
				CODE_SIGN_STYLE = Automatic;
				DEVELOPMENT_TEAM = 42U8HC3WSH;
				INFOPLIST_FILE = Task1_SSDUITests/Info.plist;
				LD_RUNPATH_SEARCH_PATHS = (
					"$(inherited)",
					"@executable_path/Frameworks",
					"@loader_path/Frameworks",
				);
				PRODUCT_BUNDLE_IDENTIFIER = "GPProjects.Task1-SSDUITests";
				PRODUCT_NAME = "$(TARGET_NAME)";
				SWIFT_VERSION = 5.0;
				TARGETED_DEVICE_FAMILY = "1,2";
				TEST_TARGET_NAME = Task1_SSD;
			};
			name = Debug;
		};
		A2ABF65625A9592D00376346 /* Release */ = {
			isa = XCBuildConfiguration;
			baseConfigurationReference = F15DC0C22307DB7BAE5CC00D /* Pods-Task1_SSD-Task1_SSDUITests.release.xcconfig */;
			buildSettings = {
				ALWAYS_EMBED_SWIFT_STANDARD_LIBRARIES = YES;
				CODE_SIGN_STYLE = Automatic;
				DEVELOPMENT_TEAM = 42U8HC3WSH;
				INFOPLIST_FILE = Task1_SSDUITests/Info.plist;
				LD_RUNPATH_SEARCH_PATHS = (
					"$(inherited)",
					"@executable_path/Frameworks",
					"@loader_path/Frameworks",
				);
				PRODUCT_BUNDLE_IDENTIFIER = "GPProjects.Task1-SSDUITests";
				PRODUCT_NAME = "$(TARGET_NAME)";
				SWIFT_VERSION = 5.0;
				TARGETED_DEVICE_FAMILY = "1,2";
				TEST_TARGET_NAME = Task1_SSD;
			};
			name = Release;
		};
/* End XCBuildConfiguration section */

/* Begin XCConfigurationList section */
		A2ABF61F25A9592700376346 /* Build configuration list for PBXProject "Task1_SSD" */ = {
			isa = XCConfigurationList;
			buildConfigurations = (
				A2ABF64C25A9592D00376346 /* Debug */,
				A2ABF64D25A9592D00376346 /* Release */,
			);
			defaultConfigurationIsVisible = 0;
			defaultConfigurationName = Release;
		};
		A2ABF64E25A9592D00376346 /* Build configuration list for PBXNativeTarget "Task1_SSD" */ = {
			isa = XCConfigurationList;
			buildConfigurations = (
				A2ABF64F25A9592D00376346 /* Debug */,
				A2ABF65025A9592D00376346 /* Release */,
			);
			defaultConfigurationIsVisible = 0;
			defaultConfigurationName = Release;
		};
		A2ABF65125A9592D00376346 /* Build configuration list for PBXNativeTarget "Task1_SSDTests" */ = {
			isa = XCConfigurationList;
			buildConfigurations = (
				A2ABF65225A9592D00376346 /* Debug */,
				A2ABF65325A9592D00376346 /* Release */,
			);
			defaultConfigurationIsVisible = 0;
			defaultConfigurationName = Release;
		};
		A2ABF65425A9592D00376346 /* Build configuration list for PBXNativeTarget "Task1_SSDUITests" */ = {
			isa = XCConfigurationList;
			buildConfigurations = (
				A2ABF65525A9592D00376346 /* Debug */,
				A2ABF65625A9592D00376346 /* Release */,
			);
			defaultConfigurationIsVisible = 0;
			defaultConfigurationName = Release;
		};
/* End XCConfigurationList section */
	};
	rootObject = A2ABF61C25A9592700376346 /* Project object */;
}
